
Microsoft Visual Studio Solution File, Format Version 11.00
# Visual Studio 2010
Project("{8BC9CEB8-8B4A-11D0-8D11-00A0C91BC942}") = "decode_play_demo", "decode_play_demo\decode_play_demo.vcxproj", "{B76D7716-F0CE-4AA7-8FE7-D8B47198CAF7}"
EndProject
Global
	GlobalSection(SolutionConfigurationPlatforms) = preSolution
		Debug|Win32 = Debug|Win32
		Release|Win32 = Release|Win32
	EndGlobalSection
	GlobalSection(ProjectConfigurationPlatforms) = postSolution
		{B76D7716-F0CE-4AA7-8FE7-D8B47198CAF7}.Debug|Win32.ActiveCfg = Debug|Win32
		{B76D7716-F0CE-4AA7-8FE7-D8B47198CAF7}.Debug|Win32.Build.0 = Debug|Win32
		{B76D7716-F0CE-4AA7-8FE7-D8B47198CAF7}.Release|Win32.ActiveCfg = Release|Win32
		{B76D7716-F0CE-4AA7-8FE7-D8B47198CAF7}.Release|Win32.Build.0 = Release|Win32
	EndGlobalSection
	GlobalSection(SolutionProperties) = preSolution
		HideSolutionNode = FALSE
	EndGlobalSection
EndGlobal
