
Microsoft Visual Studio Solution File, Format Version 11.00
# Visual Studio 2010
Project("{8BC9CEB8-8B4A-11D0-8D11-00A0C91BC942}") = "ns_lib", "ns_lib\ns_lib.vcxproj", "{E901E75F-03B6-4FD5-A8B6-602CA8A3B92C}"
EndProject
Global
	GlobalSection(SolutionConfigurationPlatforms) = preSolution
		Debug|Win32 = Debug|Win32
		Release|Win32 = Release|Win32
	EndGlobalSection
	GlobalSection(ProjectConfigurationPlatforms) = postSolution
		{E901E75F-03B6-4FD5-A8B6-602CA8A3B92C}.Debug|Win32.ActiveCfg = Debug|Win32
		{E901E75F-03B6-4FD5-A8B6-602CA8A3B92C}.Debug|Win32.Build.0 = Debug|Win32
		{E901E75F-03B6-4FD5-A8B6-602CA8A3B92C}.Release|Win32.ActiveCfg = Release|Win32
		{E901E75F-03B6-4FD5-A8B6-602CA8A3B92C}.Release|Win32.Build.0 = Release|Win32
	EndGlobalSection
	GlobalSection(SolutionProperties) = preSolution
		HideSolutionNode = FALSE
	EndGlobalSection
EndGlobal
